// !$*UTF8*$!
{
	archiveVersion = 1;
	classes = {
	};
	objectVersion = 46;
	objects = {

/* Begin PBXBuildFile section */
		D822C6D517DF1E44000AFFA8 /* spell.c in Sources */ = {isa = PBXBuildFile; fileRef = D822C6BC17DF1E44000AFFA8 /* spell.c */; };
		D822C6D617DF1E44000AFFA8 /* traverse.c in Sources */ = {isa = PBXBuildFile; fileRef = D822C6C017DF1E44000AFFA8 /* traverse.c */; };
		D822C6D717DF1E44000AFFA8 /* bfs.c in Sources */ = {isa = PBXBuildFile; fileRef = D822C6C417DF1E44000AFFA8 /* bfs.c */; };
		D822C6D817DF1E44000AFFA8 /* dfs.c in Sources */ = {isa = PBXBuildFile; fileRef = D822C6C717DF1E44000AFFA8 /* dfs.c */; };
		D822C6D917DF1E44000AFFA8 /* parcels.c in Sources */ = {isa = PBXBuildFile; fileRef = D822C6CB17DF1E44000AFFA8 /* parcels.c */; };
		D822C6DA17DF1E44000AFFA8 /* directls.c in Sources */ = {isa = PBXBuildFile; fileRef = D822C6CF17DF1E44000AFFA8 /* directls.c */; };
		D822C6DB17DF1E44000AFFA8 /* route.c in Sources */ = {isa = PBXBuildFile; fileRef = D822C6D317DF1E44000AFFA8 /* route.c */; };
		D822C6DD17DF2172000AFFA8 /* mgsort.c in Sources */ = {isa = PBXBuildFile; fileRef = D822C6DC17DF2172000AFFA8 /* mgsort.c */; };
		D822C6DF17DF2294000AFFA8 /* ctsort.c in Sources */ = {isa = PBXBuildFile; fileRef = D822C6DE17DF2294000AFFA8 /* ctsort.c */; };
		D822C6E117DF22B8000AFFA8 /* rxsort.c in Sources */ = {isa = PBXBuildFile; fileRef = D822C6E017DF22B8000AFFA8 /* rxsort.c */; };
		D82D431F17D87AAB00951E13 /* chtbl.c in Sources */ = {isa = PBXBuildFile; fileRef = D82D431E17D87AAB00951E13 /* chtbl.c */; };
		D8388B6117D35AD700FF91AD /* bisearch.c in Sources */ = {isa = PBXBuildFile; fileRef = D8388B6017D35AD700FF91AD /* bisearch.c */; };
		D83EB19717D8AD8E005782F4 /* ohtbl.c in Sources */ = {isa = PBXBuildFile; fileRef = D83EB19617D8AD8E005782F4 /* ohtbl.c */; };
		D85640EF17D24A6C0054C848 /* bistree.c in Sources */ = {isa = PBXBuildFile; fileRef = D85640EE17D24A6C0054C848 /* bistree.c */; };
		D8648A7217DE244900091C4E /* mst.c in Sources */ = {isa = PBXBuildFile; fileRef = D8648A7117DE244900091C4E /* mst.c */; };
		D8648A7417DE245C00091C4E /* tsp.c in Sources */ = {isa = PBXBuildFile; fileRef = D8648A7317DE245C00091C4E /* tsp.c */; };
		D86D7E6817D37639004F47A4 /* issort.c in Sources */ = {isa = PBXBuildFile; fileRef = D86D7E6717D37639004F47A4 /* issort.c */; };
		D877F9F617DF116F00FA0B12 /* heap.c in Sources */ = {isa = PBXBuildFile; fileRef = D877F9F517DF116F00FA0B12 /* heap.c */; };
		D8873F4717D23EBE00E89436 /* bitree.c in Sources */ = {isa = PBXBuildFile; fileRef = D8873F4617D23EBE00E89436 /* bitree.c */; };
		D8880D8A17CF40650062D653 /* main.c in Sources */ = {isa = PBXBuildFile; fileRef = D8880D8917CF40650062D653 /* main.c */; };
		D8880DA417CF457D0062D653 /* list.c in Sources */ = {isa = PBXBuildFile; fileRef = D8880DA317CF457D0062D653 /* list.c */; };
		D8880DA717CF52640062D653 /* set.c in Sources */ = {isa = PBXBuildFile; fileRef = D8880DA617CF52640062D653 /* set.c */; };
		D8880DAA17CF6E8F0062D653 /* graph.c in Sources */ = {isa = PBXBuildFile; fileRef = D8880DA917CF6E8F0062D653 /* graph.c */; };
		D895C84517D1F93D00B488B5 /* stack.c in Sources */ = {isa = PBXBuildFile; fileRef = D895C84417D1F93D00B488B5 /* stack.c */; };
		D895C84817D1F94F00B488B5 /* queue.c in Sources */ = {isa = PBXBuildFile; fileRef = D895C84717D1F94F00B488B5 /* queue.c */; };
		D8C261A517D3715E00FA8200 /* qksort.c in Sources */ = {isa = PBXBuildFile; fileRef = D8C261A417D3715E00FA8200 /* qksort.c */; };
/* End PBXBuildFile section */

/* Begin PBXCopyFilesBuildPhase section */
		D8880D8417CF40650062D653 /* CopyFiles */ = {
			isa = PBXCopyFilesBuildPhase;
			buildActionMask = 2147483647;
			dstPath = /usr/share/man/man1/;
			dstSubfolderSpec = 0;
			files = (
			);
			runOnlyForDeploymentPostprocessing = 1;
		};
/* End PBXCopyFilesBuildPhase section */

/* Begin PBXFileReference section */
		D822C6BC17DF1E44000AFFA8 /* spell.c */ = {isa = PBXFileReference; fileEncoding = 4; lastKnownFileType = sourcecode.c.c; path = spell.c; sourceTree = "<group>"; };
		D822C6BD17DF1E44000AFFA8 /* spell.h */ = {isa = PBXFileReference; fileEncoding = 4; lastKnownFileType = sourcecode.c.h; path = spell.h; sourceTree = "<group>"; };
		D822C6C017DF1E44000AFFA8 /* traverse.c */ = {isa = PBXFileReference; fileEncoding = 4; lastKnownFileType = sourcecode.c.c; path = traverse.c; sourceTree = "<group>"; };
		D822C6C117DF1E44000AFFA8 /* traverse.h */ = {isa = PBXFileReference; fileEncoding = 4; lastKnownFileType = sourcecode.c.h; path = traverse.h; sourceTree = "<group>"; };
		D822C6C417DF1E44000AFFA8 /* bfs.c */ = {isa = PBXFileReference; fileEncoding = 4; lastKnownFileType = sourcecode.c.c; path = bfs.c; sourceTree = "<group>"; };
		D822C6C517DF1E44000AFFA8 /* bfs.h */ = {isa = PBXFileReference; fileEncoding = 4; lastKnownFileType = sourcecode.c.h; path = bfs.h; sourceTree = "<group>"; };
		D822C6C717DF1E44000AFFA8 /* dfs.c */ = {isa = PBXFileReference; fileEncoding = 4; lastKnownFileType = sourcecode.c.c; path = dfs.c; sourceTree = "<group>"; };
		D822C6C817DF1E44000AFFA8 /* dfs.h */ = {isa = PBXFileReference; fileEncoding = 4; lastKnownFileType = sourcecode.c.h; path = dfs.h; sourceTree = "<group>"; };
		D822C6CB17DF1E44000AFFA8 /* parcels.c */ = {isa = PBXFileReference; fileEncoding = 4; lastKnownFileType = sourcecode.c.c; path = parcels.c; sourceTree = "<group>"; };
		D822C6CC17DF1E44000AFFA8 /* parcels.h */ = {isa = PBXFileReference; fileEncoding = 4; lastKnownFileType = sourcecode.c.h; path = parcels.h; sourceTree = "<group>"; };
		D822C6CF17DF1E44000AFFA8 /* directls.c */ = {isa = PBXFileReference; fileEncoding = 4; lastKnownFileType = sourcecode.c.c; path = directls.c; sourceTree = "<group>"; };
		D822C6D017DF1E44000AFFA8 /* directls.h */ = {isa = PBXFileReference; fileEncoding = 4; lastKnownFileType = sourcecode.c.h; path = directls.h; sourceTree = "<group>"; };
		D822C6D317DF1E44000AFFA8 /* route.c */ = {isa = PBXFileReference; fileEncoding = 4; lastKnownFileType = sourcecode.c.c; path = route.c; sourceTree = "<group>"; };
		D822C6D417DF1E44000AFFA8 /* route.h */ = {isa = PBXFileReference; fileEncoding = 4; lastKnownFileType = sourcecode.c.h; path = route.h; sourceTree = "<group>"; };
		D822C6DC17DF2172000AFFA8 /* mgsort.c */ = {isa = PBXFileReference; fileEncoding = 4; lastKnownFileType = sourcecode.c.c; path = mgsort.c; sourceTree = "<group>"; };
		D822C6DE17DF2294000AFFA8 /* ctsort.c */ = {isa = PBXFileReference; fileEncoding = 4; lastKnownFileType = sourcecode.c.c; path = ctsort.c; sourceTree = "<group>"; };
		D822C6E017DF22B8000AFFA8 /* rxsort.c */ = {isa = PBXFileReference; fileEncoding = 4; lastKnownFileType = sourcecode.c.c; path = rxsort.c; sourceTree = "<group>"; };
		D82D431D17D87AA400951E13 /* chtbl.h */ = {isa = PBXFileReference; lastKnownFileType = sourcecode.c.h; path = chtbl.h; sourceTree = "<group>"; };
		D82D431E17D87AAB00951E13 /* chtbl.c */ = {isa = PBXFileReference; fileEncoding = 4; lastKnownFileType = sourcecode.c.c; path = chtbl.c; sourceTree = "<group>"; };
		D8388B6017D35AD700FF91AD /* bisearch.c */ = {isa = PBXFileReference; fileEncoding = 4; lastKnownFileType = sourcecode.c.c; path = bisearch.c; sourceTree = "<group>"; };
		D83EB19517D8AD84005782F4 /* ohtbl.h */ = {isa = PBXFileReference; lastKnownFileType = sourcecode.c.h; path = ohtbl.h; sourceTree = "<group>"; };
		D83EB19617D8AD8E005782F4 /* ohtbl.c */ = {isa = PBXFileReference; fileEncoding = 4; lastKnownFileType = sourcecode.c.c; path = ohtbl.c; sourceTree = "<group>"; };
		D85640ED17D24A640054C848 /* bistree.h */ = {isa = PBXFileReference; lastKnownFileType = sourcecode.c.h; path = bistree.h; sourceTree = "<group>"; };
		D85640EE17D24A6C0054C848 /* bistree.c */ = {isa = PBXFileReference; fileEncoding = 4; lastKnownFileType = sourcecode.c.c; path = bistree.c; sourceTree = "<group>"; };
		D8648A6B17DE226500091C4E /* search.h */ = {isa = PBXFileReference; lastKnownFileType = sourcecode.c.h; path = search.h; sourceTree = "<group>"; };
		D8648A6C17DE226E00091C4E /* sort.h */ = {isa = PBXFileReference; lastKnownFileType = sourcecode.c.h; path = sort.h; sourceTree = "<group>"; };
		D8648A6F17DE242800091C4E /* shortest.c */ = {isa = PBXFileReference; lastKnownFileType = sourcecode.c.c; path = shortest.c; sourceTree = "<group>"; };
		D8648A7117DE244900091C4E /* mst.c */ = {isa = PBXFileReference; fileEncoding = 4; lastKnownFileType = sourcecode.c.c; path = mst.c; sourceTree = "<group>"; };
		D8648A7317DE245C00091C4E /* tsp.c */ = {isa = PBXFileReference; fileEncoding = 4; lastKnownFileType = sourcecode.c.c; path = tsp.c; sourceTree = "<group>"; };
		D86D7E6717D37639004F47A4 /* issort.c */ = {isa = PBXFileReference; fileEncoding = 4; lastKnownFileType = sourcecode.c.c; path = issort.c; sourceTree = "<group>"; };
		D877F9F417DF116900FA0B12 /* heap.h */ = {isa = PBXFileReference; lastKnownFileType = sourcecode.c.h; path = heap.h; sourceTree = "<group>"; };
		D877F9F517DF116F00FA0B12 /* heap.c */ = {isa = PBXFileReference; fileEncoding = 4; lastKnownFileType = sourcecode.c.c; path = heap.c; sourceTree = "<group>"; };
		D877F9F717DF118700FA0B12 /* pqueue.h */ = {isa = PBXFileReference; lastKnownFileType = sourcecode.c.h; path = pqueue.h; sourceTree = "<group>"; };
		D8873F4517D23EB500E89436 /* bitree.h */ = {isa = PBXFileReference; lastKnownFileType = sourcecode.c.h; path = bitree.h; sourceTree = "<group>"; };
		D8873F4617D23EBE00E89436 /* bitree.c */ = {isa = PBXFileReference; fileEncoding = 4; lastKnownFileType = sourcecode.c.c; path = bitree.c; sourceTree = "<group>"; };
		D8880D8617CF40650062D653 /* ADS */ = {isa = PBXFileReference; explicitFileType = "compiled.mach-o.executable"; includeInIndex = 0; path = ADS; sourceTree = BUILT_PRODUCTS_DIR; };
		D8880D8917CF40650062D653 /* main.c */ = {isa = PBXFileReference; lastKnownFileType = sourcecode.c.c; path = main.c; sourceTree = "<group>"; };
		D8880DA217CF43F90062D653 /* list.h */ = {isa = PBXFileReference; lastKnownFileType = sourcecode.c.h; path = list.h; sourceTree = "<group>"; };
		D8880DA317CF457D0062D653 /* list.c */ = {isa = PBXFileReference; fileEncoding = 4; lastKnownFileType = sourcecode.c.c; path = list.c; sourceTree = "<group>"; };
		D8880DA517CF51550062D653 /* set.h */ = {isa = PBXFileReference; lastKnownFileType = sourcecode.c.h; path = set.h; sourceTree = "<group>"; };
		D8880DA617CF52640062D653 /* set.c */ = {isa = PBXFileReference; fileEncoding = 4; lastKnownFileType = sourcecode.c.c; path = set.c; sourceTree = "<group>"; };
		D8880DA817CF6E4F0062D653 /* graph.h */ = {isa = PBXFileReference; lastKnownFileType = sourcecode.c.h; path = graph.h; sourceTree = "<group>"; };
		D8880DA917CF6E8F0062D653 /* graph.c */ = {isa = PBXFileReference; fileEncoding = 4; lastKnownFileType = sourcecode.c.c; path = graph.c; sourceTree = "<group>"; };
		D895C84317D1F93200B488B5 /* stack.h */ = {isa = PBXFileReference; lastKnownFileType = sourcecode.c.h; path = stack.h; sourceTree = "<group>"; };
		D895C84417D1F93D00B488B5 /* stack.c */ = {isa = PBXFileReference; fileEncoding = 4; lastKnownFileType = sourcecode.c.c; path = stack.c; sourceTree = "<group>"; };
		D895C84617D1F94800B488B5 /* queue.h */ = {isa = PBXFileReference; lastKnownFileType = sourcecode.c.h; path = queue.h; sourceTree = "<group>"; };
		D895C84717D1F94F00B488B5 /* queue.c */ = {isa = PBXFileReference; fileEncoding = 4; lastKnownFileType = sourcecode.c.c; path = queue.c; sourceTree = "<group>"; };
		D8C261A417D3715E00FA8200 /* qksort.c */ = {isa = PBXFileReference; fileEncoding = 4; lastKnownFileType = sourcecode.c.c; path = qksort.c; sourceTree = "<group>"; };
		D8F51E9617DDEDF400B99A47 /* graphalg.h */ = {isa = PBXFileReference; lastKnownFileType = sourcecode.c.h; path = graphalg.h; sourceTree = "<group>"; };
/* End PBXFileReference section */

/* Begin PBXFrameworksBuildPhase section */
		D8880D8317CF40650062D653 /* Frameworks */ = {
			isa = PBXFrameworksBuildPhase;
			buildActionMask = 2147483647;
			files = (
			);
			runOnlyForDeploymentPostprocessing = 0;
		};
/* End PBXFrameworksBuildPhase section */

/* Begin PBXGroup section */
		D822C6BA17DF1E44000AFFA8 /* Binary Search */ = {
			isa = PBXGroup;
			children = (
				D822C6BB17DF1E44000AFFA8 /* Spell Checking */,
			);
			path = "Binary Search";
			sourceTree = "<group>";
		};
		D822C6BB17DF1E44000AFFA8 /* Spell Checking */ = {
			isa = PBXGroup;
			children = (
				D822C6BC17DF1E44000AFFA8 /* spell.c */,
				D822C6BD17DF1E44000AFFA8 /* spell.h */,
			);
			path = "Spell Checking";
			sourceTree = "<group>";
		};
		D822C6BE17DF1E44000AFFA8 /* Binary Tree */ = {
			isa = PBXGroup;
			children = (
				D822C6BF17DF1E44000AFFA8 /* Expression Processing */,
			);
			path = "Binary Tree";
			sourceTree = "<group>";
		};
		D822C6BF17DF1E44000AFFA8 /* Expression Processing */ = {
			isa = PBXGroup;
			children = (
				D822C6C017DF1E44000AFFA8 /* traverse.c */,
				D822C6C117DF1E44000AFFA8 /* traverse.h */,
			);
			path = "Expression Processing";
			sourceTree = "<group>";
		};
		D822C6C217DF1E44000AFFA8 /* Graph */ = {
			isa = PBXGroup;
			children = (
				D822C6C317DF1E44000AFFA8 /* Counting Network Hops */,
				D822C6C617DF1E44000AFFA8 /* Topological Sorting */,
			);
			path = Graph;
			sourceTree = "<group>";
		};
		D822C6C317DF1E44000AFFA8 /* Counting Network Hops */ = {
			isa = PBXGroup;
			children = (
				D822C6C417DF1E44000AFFA8 /* bfs.c */,
				D822C6C517DF1E44000AFFA8 /* bfs.h */,
			);
			path = "Counting Network Hops";
			sourceTree = "<group>";
		};
		D822C6C617DF1E44000AFFA8 /* Topological Sorting */ = {
			isa = PBXGroup;
			children = (
				D822C6C717DF1E44000AFFA8 /* dfs.c */,
				D822C6C817DF1E44000AFFA8 /* dfs.h */,
			);
			path = "Topological Sorting";
			sourceTree = "<group>";
		};
		D822C6C917DF1E44000AFFA8 /* Priority Queue */ = {
			isa = PBXGroup;
			children = (
				D822C6CA17DF1E44000AFFA8 /* Parcel Sorting */,
			);
			path = "Priority Queue";
			sourceTree = "<group>";
		};
		D822C6CA17DF1E44000AFFA8 /* Parcel Sorting */ = {
			isa = PBXGroup;
			children = (
				D822C6CB17DF1E44000AFFA8 /* parcels.c */,
				D822C6CC17DF1E44000AFFA8 /* parcels.h */,
			);
			path = "Parcel Sorting";
			sourceTree = "<group>";
		};
		D822C6CD17DF1E44000AFFA8 /* Quicksort */ = {
			isa = PBXGroup;
			children = (
				D822C6CE17DF1E44000AFFA8 /* Directory Listings */,
			);
			path = Quicksort;
			sourceTree = "<group>";
		};
		D822C6CE17DF1E44000AFFA8 /* Directory Listings */ = {
			isa = PBXGroup;
			children = (
				D822C6CF17DF1E44000AFFA8 /* directls.c */,
				D822C6D017DF1E44000AFFA8 /* directls.h */,
			);
			path = "Directory Listings";
			sourceTree = "<group>";
		};
		D822C6D117DF1E44000AFFA8 /* Shortest Paths */ = {
			isa = PBXGroup;
			children = (
				D822C6D217DF1E44000AFFA8 /* Routing Tables */,
			);
			path = "Shortest Paths";
			sourceTree = "<group>";
		};
		D822C6D217DF1E44000AFFA8 /* Routing Tables */ = {
			isa = PBXGroup;
			children = (
				D822C6D317DF1E44000AFFA8 /* route.c */,
				D822C6D417DF1E44000AFFA8 /* route.h */,
			);
			path = "Routing Tables";
			sourceTree = "<group>";
		};
		D8648A6D17DE242700091C4E /* Minimum Spanning Trees */ = {
			isa = PBXGroup;
			children = (
				D8648A7117DE244900091C4E /* mst.c */,
			);
			path = "Minimum Spanning Trees";
			sourceTree = "<group>";
		};
		D8648A6E17DE242800091C4E /* Shortest Paths */ = {
			isa = PBXGroup;
			children = (
				D8648A6F17DE242800091C4E /* shortest.c */,
			);
			path = "Shortest Paths";
			sourceTree = "<group>";
		};
		D8648A7017DE242800091C4E /* Traveling-Salesman Problem */ = {
			isa = PBXGroup;
			children = (
				D8648A7317DE245C00091C4E /* tsp.c */,
			);
			path = "Traveling-Salesman Problem";
			sourceTree = "<group>";
		};
		D8873F3B17D2394A00E89436 /* Examples */ = {
			isa = PBXGroup;
			children = (
				D822C6BA17DF1E44000AFFA8 /* Binary Search */,
				D822C6BE17DF1E44000AFFA8 /* Binary Tree */,
				D822C6C217DF1E44000AFFA8 /* Graph */,
				D822C6C917DF1E44000AFFA8 /* Priority Queue */,
				D822C6CD17DF1E44000AFFA8 /* Quicksort */,
				D822C6D117DF1E44000AFFA8 /* Shortest Paths */,
			);
			path = Examples;
			sourceTree = "<group>";
		};
		D8880D7D17CF40650062D653 = {
			isa = PBXGroup;
			children = (
				D8880D8817CF40650062D653 /* ADS */,
				D8880D8717CF40650062D653 /* Products */,
			);
			sourceTree = "<group>";
		};
		D8880D8717CF40650062D653 /* Products */ = {
			isa = PBXGroup;
			children = (
				D8880D8617CF40650062D653 /* ADS */,
			);
			name = Products;
			sourceTree = "<group>";
		};
		D8880D8817CF40650062D653 /* ADS */ = {
			isa = PBXGroup;
			children = (
				D8880D9217CF425F0062D653 /* Algorithms */,
				D8880D9317CF425F0062D653 /* Data Structures */,
				D8873F3B17D2394A00E89436 /* Examples */,
				D8880D8917CF40650062D653 /* main.c */,
			);
			path = ADS;
			sourceTree = "<group>";
		};
		D8880D9217CF425F0062D653 /* Algorithms */ = {
			isa = PBXGroup;
			children = (
				D895C83917D1F51700B488B5 /* Graph Algorithms */,
				D8880D9517CF43570062D653 /* Sorting and Searching */,
			);
			path = Algorithms;
			sourceTree = "<group>";
		};
		D8880D9317CF425F0062D653 /* Data Structures */ = {
			isa = PBXGroup;
			children = (
				D8880D9C17CF43670062D653 /* Graphs */,
				D8880D9D17CF43670062D653 /* Hash Tables */,
				D8880D9E17CF43670062D653 /* Heaps and Priority Queues */,
				D8880D9417CF42930062D653 /* Linked Lists */,
				D8880D9F17CF436F0062D653 /* Sets */,
				D8880DA017CF436F0062D653 /* Stacks and Queues */,
				D8880DA117CF436F0062D653 /* Trees */,
			);
			path = "Data Structures";
			sourceTree = "<group>";
		};
		D8880D9417CF42930062D653 /* Linked Lists */ = {
			isa = PBXGroup;
			children = (
				D8880DA317CF457D0062D653 /* list.c */,
				D8880DA217CF43F90062D653 /* list.h */,
			);
			path = "Linked Lists";
			sourceTree = "<group>";
		};
		D8880D9517CF43570062D653 /* Sorting and Searching */ = {
			isa = PBXGroup;
			children = (
				D8880D9617CF43570062D653 /* Binary Search */,
				D8880D9717CF43570062D653 /* Counting Sort */,
				D8880D9817CF43570062D653 /* Insertion Sort */,
				D8880D9917CF43570062D653 /* Merge Sort */,
				D8C261A217D3714100FA8200 /* Quicksort */,
				D8880D9B17CF43570062D653 /* Radix Sort */,
				D8648A6B17DE226500091C4E /* search.h */,
				D8648A6C17DE226E00091C4E /* sort.h */,
			);
			path = "Sorting and Searching";
			sourceTree = "<group>";
		};
		D8880D9617CF43570062D653 /* Binary Search */ = {
			isa = PBXGroup;
			children = (
				D8388B6017D35AD700FF91AD /* bisearch.c */,
			);
			path = "Binary Search";
			sourceTree = "<group>";
		};
		D8880D9717CF43570062D653 /* Counting Sort */ = {
			isa = PBXGroup;
			children = (
				D822C6DE17DF2294000AFFA8 /* ctsort.c */,
			);
			path = "Counting Sort";
			sourceTree = "<group>";
		};
		D8880D9817CF43570062D653 /* Insertion Sort */ = {
			isa = PBXGroup;
			children = (
				D86D7E6717D37639004F47A4 /* issort.c */,
			);
			path = "Insertion Sort";
			sourceTree = "<group>";
		};
		D8880D9917CF43570062D653 /* Merge Sort */ = {
			isa = PBXGroup;
			children = (
				D822C6DC17DF2172000AFFA8 /* mgsort.c */,
			);
			path = "Merge Sort";
			sourceTree = "<group>";
		};
		D8880D9B17CF43570062D653 /* Radix Sort */ = {
			isa = PBXGroup;
			children = (
				D822C6E017DF22B8000AFFA8 /* rxsort.c */,
			);
			path = "Radix Sort";
			sourceTree = "<group>";
		};
		D8880D9C17CF43670062D653 /* Graphs */ = {
			isa = PBXGroup;
			children = (
				D8880DA917CF6E8F0062D653 /* graph.c */,
				D8880DA817CF6E4F0062D653 /* graph.h */,
			);
			path = Graphs;
			sourceTree = "<group>";
		};
		D8880D9D17CF43670062D653 /* Hash Tables */ = {
			isa = PBXGroup;
			children = (
				D82D431E17D87AAB00951E13 /* chtbl.c */,
				D82D431D17D87AA400951E13 /* chtbl.h */,
				D83EB19617D8AD8E005782F4 /* ohtbl.c */,
				D83EB19517D8AD84005782F4 /* ohtbl.h */,
			);
			path = "Hash Tables";
			sourceTree = "<group>";
		};
		D8880D9E17CF43670062D653 /* Heaps and Priority Queues */ = {
			isa = PBXGroup;
			children = (
				D877F9F517DF116F00FA0B12 /* heap.c */,
				D877F9F417DF116900FA0B12 /* heap.h */,
				D877F9F717DF118700FA0B12 /* pqueue.h */,
			);
			path = "Heaps and Priority Queues";
			sourceTree = "<group>";
		};
		D8880D9F17CF436F0062D653 /* Sets */ = {
			isa = PBXGroup;
			children = (
				D8880DA617CF52640062D653 /* set.c */,
				D8880DA517CF51550062D653 /* set.h */,
			);
			path = Sets;
			sourceTree = "<group>";
		};
		D8880DA017CF436F0062D653 /* Stacks and Queues */ = {
			isa = PBXGroup;
			children = (
				D895C84717D1F94F00B488B5 /* queue.c */,
				D895C84617D1F94800B488B5 /* queue.h */,
				D895C84417D1F93D00B488B5 /* stack.c */,
				D895C84317D1F93200B488B5 /* stack.h */,
			);
			path = "Stacks and Queues";
			sourceTree = "<group>";
		};
		D8880DA117CF436F0062D653 /* Trees */ = {
			isa = PBXGroup;
			children = (
				D85640EE17D24A6C0054C848 /* bistree.c */,
				D85640ED17D24A640054C848 /* bistree.h */,
				D8873F4617D23EBE00E89436 /* bitree.c */,
				D8873F4517D23EB500E89436 /* bitree.h */,
			);
			path = Trees;
			sourceTree = "<group>";
		};
		D895C83917D1F51700B488B5 /* Graph Algorithms */ = {
			isa = PBXGroup;
			children = (
				D8648A6D17DE242700091C4E /* Minimum Spanning Trees */,
				D8648A6E17DE242800091C4E /* Shortest Paths */,
				D8648A7017DE242800091C4E /* Traveling-Salesman Problem */,
				D8F51E9617DDEDF400B99A47 /* graphalg.h */,
			);
			path = "Graph Algorithms";
			sourceTree = "<group>";
		};
		D8C261A217D3714100FA8200 /* Quicksort */ = {
			isa = PBXGroup;
			children = (
				D8C261A417D3715E00FA8200 /* qksort.c */,
			);
			path = Quicksort;
			sourceTree = "<group>";
		};
/* End PBXGroup section */

/* Begin PBXNativeTarget section */
		D8880D8517CF40650062D653 /* ADS */ = {
			isa = PBXNativeTarget;
			buildConfigurationList = D8880D8F17CF40650062D653 /* Build configuration list for PBXNativeTarget "ADS" */;
			buildPhases = (
				D8880D8217CF40650062D653 /* Sources */,
				D8880D8317CF40650062D653 /* Frameworks */,
				D8880D8417CF40650062D653 /* CopyFiles */,
			);
			buildRules = (
			);
			dependencies = (
			);
			name = ADS;
			productName = ADS;
			productReference = D8880D8617CF40650062D653 /* ADS */;
			productType = "com.apple.product-type.tool";
		};
/* End PBXNativeTarget section */

/* Begin PBXProject section */
		D8880D7E17CF40650062D653 /* Project object */ = {
			isa = PBXProject;
			attributes = {
				LastUpgradeCheck = 0500;
				ORGANIZATIONNAME = "Vitaly Yurchenko";
			};
			buildConfigurationList = D8880D8117CF40650062D653 /* Build configuration list for PBXProject "ADS" */;
			compatibilityVersion = "Xcode 3.2";
			developmentRegion = English;
			hasScannedForEncodings = 0;
			knownRegions = (
				en,
			);
			mainGroup = D8880D7D17CF40650062D653;
			productRefGroup = D8880D8717CF40650062D653 /* Products */;
			projectDirPath = "";
			projectRoot = "";
			targets = (
				D8880D8517CF40650062D653 /* ADS */,
			);
		};
/* End PBXProject section */

/* Begin PBXSourcesBuildPhase section */
		D8880D8217CF40650062D653 /* Sources */ = {
			isa = PBXSourcesBuildPhase;
			buildActionMask = 2147483647;
			files = (
				D8648A7217DE244900091C4E /* mst.c in Sources */,
				D822C6D517DF1E44000AFFA8 /* spell.c in Sources */,
				D8880DA717CF52640062D653 /* set.c in Sources */,
				D85640EF17D24A6C0054C848 /* bistree.c in Sources */,
				D8648A7417DE245C00091C4E /* tsp.c in Sources */,
				D822C6DA17DF1E44000AFFA8 /* directls.c in Sources */,
				D82D431F17D87AAB00951E13 /* chtbl.c in Sources */,
				D8388B6117D35AD700FF91AD /* bisearch.c in Sources */,
				D8880D8A17CF40650062D653 /* main.c in Sources */,
				D822C6D917DF1E44000AFFA8 /* parcels.c in Sources */,
				D83EB19717D8AD8E005782F4 /* ohtbl.c in Sources */,
				D895C84517D1F93D00B488B5 /* stack.c in Sources */,
				D822C6DF17DF2294000AFFA8 /* ctsort.c in Sources */,
				D822C6E117DF22B8000AFFA8 /* rxsort.c in Sources */,
				D895C84817D1F94F00B488B5 /* queue.c in Sources */,
				D822C6D817DF1E44000AFFA8 /* dfs.c in Sources */,
				D822C6D617DF1E44000AFFA8 /* traverse.c in Sources */,
				D8C261A517D3715E00FA8200 /* qksort.c in Sources */,
				D8880DAA17CF6E8F0062D653 /* graph.c in Sources */,
				D822C6D717DF1E44000AFFA8 /* bfs.c in Sources */,
				D86D7E6817D37639004F47A4 /* issort.c in Sources */,
				D822C6DB17DF1E44000AFFA8 /* route.c in Sources */,
				D877F9F617DF116F00FA0B12 /* heap.c in Sources */,
				D822C6DD17DF2172000AFFA8 /* mgsort.c in Sources */,
				D8880DA417CF457D0062D653 /* list.c in Sources */,
				D8873F4717D23EBE00E89436 /* bitree.c in Sources */,
			);
			runOnlyForDeploymentPostprocessing = 0;
		};
/* End PBXSourcesBuildPhase section */

/* Begin XCBuildConfiguration section */
		D8880D8D17CF40650062D653 /* Debug */ = {
			isa = XCBuildConfiguration;
			buildSettings = {
				CLANG_CXX_LANGUAGE_STANDARD = "c++0x";
				CLANG_CXX_LIBRARY = "libc++";
				COPY_PHASE_STRIP = NO;
				GCC_C_LANGUAGE_STANDARD = c11;
				GCC_OPTIMIZATION_LEVEL = 0;
				GCC_PREPROCESSOR_DEFINITIONS = "DEBUG=1";
			};
			name = Debug;
		};
		D8880D8E17CF40650062D653 /* Release */ = {
			isa = XCBuildConfiguration;
			buildSettings = {
				CLANG_CXX_LANGUAGE_STANDARD = "c++0x";
				CLANG_CXX_LIBRARY = "libc++";
				GCC_C_LANGUAGE_STANDARD = c11;
			};
			name = Release;
		};
		D8880D9017CF40650062D653 /* Debug */ = {
			isa = XCBuildConfiguration;
			buildSettings = {
				PRODUCT_NAME = "$(TARGET_NAME)";
				SDKROOT = macosx;
			};
			name = Debug;
		};
		D8880D9117CF40650062D653 /* Release */ = {
			isa = XCBuildConfiguration;
			buildSettings = {
				PRODUCT_NAME = "$(TARGET_NAME)";
				SDKROOT = macosx;
			};
			name = Release;
		};
/* End XCBuildConfiguration section */

/* Begin XCConfigurationList section */
		D8880D8117CF40650062D653 /* Build configuration list for PBXProject "ADS" */ = {
			isa = XCConfigurationList;
			buildConfigurations = (
				D8880D8D17CF40650062D653 /* Debug */,
				D8880D8E17CF40650062D653 /* Release */,
			);
			defaultConfigurationIsVisible = 0;
			defaultConfigurationName = Release;
		};
		D8880D8F17CF40650062D653 /* Build configuration list for PBXNativeTarget "ADS" */ = {
			isa = XCConfigurationList;
			buildConfigurations = (
				D8880D9017CF40650062D653 /* Debug */,
				D8880D9117CF40650062D653 /* Release */,
			);
			defaultConfigurationIsVisible = 0;
			defaultConfigurationName = Release;
		};
/* End XCConfigurationList section */
	};
	rootObject = D8880D7E17CF40650062D653 /* Project object */;
}
